
Microsoft Visual Studio Solution File, Format Version 12.00
# Visual Studio Version 17
VisualStudioVersion = 17.8.34112.27
MinimumVisualStudioVersion = 10.0.40219.1
Project("{9A19103F-16F7-4668-BE54-9A1E7A4F7556}") = "grpcClient", "grpcClient.csproj", "{7E609D67-A35E-4A99-B1FF-82E108311F73}"
EndProject
Global
	GlobalSection(SolutionConfigurationPlatforms) = preSolution
		Debug|Any CPU = Debug|Any CPU
		Release|Any CPU = Release|Any CPU
	EndGlobalSection
	GlobalSection(ProjectConfigurationPlatforms) = postSolution
		{7E609D67-A35E-4A99-B1FF-82E108311F73}.Debug|Any CPU.ActiveCfg = Debug|Any CPU
		{7E609D67-A35E-4A99-B1FF-82E108311F73}.Debug|Any CPU.Build.0 = Debug|Any CPU
		{7E609D67-A35E-4A99-B1FF-82E108311F73}.Release|Any CPU.ActiveCfg = Release|Any CPU
		{7E609D67-A35E-4A99-B1FF-82E108311F73}.Release|Any CPU.Build.0 = Release|Any CPU
	EndGlobalSection
	GlobalSection(SolutionProperties) = preSolution
		HideSolutionNode = FALSE
	EndGlobalSection
	GlobalSection(ExtensibilityGlobals) = postSolution
		SolutionGuid = {18869304-EC5C-4E38-8512-5F574667BB0D}
	EndGlobalSection
EndGlobal
